<?xml version="1.0" encoding="utf-8"?>
<Project ToolsVersion="4.0" xmlns="http://schemas.microsoft.com/developer/msbuild/2003">
  <ItemGroup>
    <Filter Include="源文件">
      <UniqueIdentifier>{4FC737F1-C7A5-4376-A066-2A32D752A2FF}</UniqueIdentifier>
      <Extensions>cpp;c;cc;cxx;def;odl;idl;hpj;bat;asm;asmx</Extensions>
    </Filter>
    <Filter Include="头文件">
      <UniqueIdentifier>{93995380-89BD-4b04-88EB-625FBE52EBFB}</UniqueIdentifier>
      <Extensions>h;hh;hpp;hxx;hm;inl;inc;xsd</Extensions>
    </Filter>
    <Filter Include="资源文件">
      <UniqueIdentifier>{67DA6AB6-F800-4c08-8B7A-83BB121AAD01}</UniqueIdentifier>
      <Extensions>rc;ico;cur;bmp;dlg;rc2;rct;bin;rgs;gif;jpg;jpeg;jpe;resx;tiff;tif;png;wav;mfcribbon-ms</Extensions>
    </Filter>
    <Filter Include="头文件\API">
      <UniqueIdentifier>{b6076b28-f9e8-4361-85a5-67ceaf2872f8}</UniqueIdentifier>
    </Filter>
    <Filter Include="源文件\API">
      <UniqueIdentifier>{edf7f6d0-1ec7-4a91-8a13-55dfe4450ec9}</UniqueIdentifier>
    </Filter>
    <Filter Include="头文件\TiebaProto">
      <UniqueIdentifier>{582b1f6a-998c-4757-bf89-9f4e39e7f6ce}</UniqueIdentifier>
    </Filter>
    <Filter Include="源文件\TiebaProto">
      <UniqueIdentifier>{d35eb4ea-bad4-4d3f-924f-d791352ab412}</UniqueIdentifier>
    </Filter>
  </ItemGroup>
  <ItemGroup>
    <ClCompile Include="TiebaAPI.cpp">
      <Filter>源文件</Filter>
    </ClCompile>
    <ClCompile Include="dllmain.cpp">
      <Filter>源文件</Filter>
    </ClCompile>
    <ClCompile Include="stdafx.cpp">
      <Filter>源文件</Filter>
    </ClCompile>
    <ClCompile Include="TiebaOperate.cpp">
      <Filter>源文件\API</Filter>
    </ClCompile>
    <ClCompile Include="TiebaClawerWeb.cpp">
      <Filter>源文件\API</Filter>
    </ClCompile>
    <ClCompile Include="TiebaClawerProxy.cpp">
      <Filter>源文件\API</Filter>
    </ClCompile>
    <ClCompile Include="TiebaClawerClient.cpp">
      <Filter>源文件\API</Filter>
    </ClCompile>
    <ClCompile Include="TiebaClientHelper.cpp">
      <Filter>源文件\API</Filter>
    </ClCompile>
    <ClCompile Include="TiebaProto\SubPostList.pb.cc">
      <Filter>源文件\TiebaProto</Filter>
    </ClCompile>
    <ClCompile Include="TiebaProto\SimpleForum.pb.cc">
      <Filter>源文件\TiebaProto</Filter>
    </ClCompile>
    <ClCompile Include="TiebaProto\SearchPostForumResIdl.pb.cc">
      <Filter>源文件\TiebaProto</Filter>
    </ClCompile>
    <ClCompile Include="TiebaProto\SearchPostForumReqIdl.pb.cc">
      <Filter>源文件\TiebaProto</Filter>
    </ClCompile>
    <ClCompile Include="TiebaProto\Post.pb.cc">
      <Filter>源文件\TiebaProto</Filter>
    </ClCompile>
    <ClCompile Include="TiebaProto\PbPageResIdl.pb.cc">
      <Filter>源文件\TiebaProto</Filter>
    </ClCompile>
    <ClCompile Include="TiebaProto\PbPageReqIdl.pb.cc">
      <Filter>源文件\TiebaProto</Filter>
    </ClCompile>
    <ClCompile Include="TiebaProto\PbFloorResIdl.pb.cc">
      <Filter>源文件\TiebaProto</Filter>
    </ClCompile>
    <ClCompile Include="TiebaProto\PbFloorReqIdl.pb.cc">
      <Filter>源文件\TiebaProto</Filter>
    </ClCompile>
    <ClCompile Include="TiebaProto\PbContent.pb.cc">
      <Filter>源文件\TiebaProto</Filter>
    </ClCompile>
    <ClCompile Include="TiebaProto\Page.pb.cc">
      <Filter>源文件\TiebaProto</Filter>
    </ClCompile>
    <ClCompile Include="TiebaProto\GetUserInfoResIdl.pb.cc">
      <Filter>源文件\TiebaProto</Filter>
    </ClCompile>
    <ClCompile Include="TiebaProto\GetUserInfoReqIdl.pb.cc">
      <Filter>源文件\TiebaProto</Filter>
    </ClCompile>
    <ClCompile Include="TiebaProto\FrsTabInfo.pb.cc">
      <Filter>源文件\TiebaProto</Filter>
    </ClCompile>
    <ClCompile Include="TiebaProto\FrsPageResIdl.pb.cc">
      <Filter>源文件\TiebaProto</Filter>
    </ClCompile>
    <ClCompile Include="TiebaProto\FrsPageReqIdl.pb.cc">
      <Filter>源文件\TiebaProto</Filter>
    </ClCompile>
    <ClCompile Include="TiebaProto\CommonReq.pb.cc">
      <Filter>源文件\TiebaProto</Filter>
    </ClCompile>
    <ClCompile Include="TiebaProto\Agree.pb.cc">
      <Filter>源文件\TiebaProto</Filter>
    </ClCompile>
    <ClCompile Include="TiebaProto\Error.pb.cc">
      <Filter>源文件\TiebaProto</Filter>
    </ClCompile>
    <ClCompile Include="TiebaProto\User.pb.cc">
      <Filter>源文件\TiebaProto</Filter>
    </ClCompile>
    <ClCompile Include="TiebaProto\ThreadInfo.pb.cc">
      <Filter>源文件\TiebaProto</Filter>
    </ClCompile>
    <ClCompile Include="TiebaProto\TiebaPlusInfo.pb.cc">
      <Filter>源文件\TiebaProto</Filter>
    </ClCompile>
    <ClCompile Include="TiebaProto\PluginUser.pb.cc">
      <Filter>源文件\TiebaProto</Filter>
    </ClCompile>
    <ClCompile Include="TiebaProto\PollInfo.pb.cc">
      <Filter>源文件\TiebaProto</Filter>
    </ClCompile>
    <ClCompile Include="TiebaProto\PostInfoList.pb.cc">
      <Filter>源文件\TiebaProto</Filter>
    </ClCompile>
    <ClCompile Include="TiebaProto\Media.pb.cc">
      <Filter>源文件\TiebaProto</Filter>
    </ClCompile>
    <ClCompile Include="TiebaProto\ProfileResIdl.pb.cc">
      <Filter>源文件\TiebaProto</Filter>
    </ClCompile>
    <ClCompile Include="TiebaProto\ProfileReqIdl.pb.cc">
      <Filter>源文件\TiebaProto</Filter>
    </ClCompile>
  </ItemGroup>
  <ItemGroup>
    <None Include="res\TiebaAPI.rc2">
      <Filter>资源文件</Filter>
    </None>
    <None Include="cpp.hint" />
  </ItemGroup>
  <ItemGroup>
    <ClInclude Include="stdafx.h">
      <Filter>头文件</Filter>
    </ClInclude>
    <ClInclude Include="targetver.h">
      <Filter>头文件</Filter>
    </ClInclude>
    <ClInclude Include="Resource.h">
      <Filter>头文件</Filter>
    </ClInclude>
    <ClInclude Include="..\Include\TiebaAPICommon.h">
      <Filter>头文件\API</Filter>
    </ClInclude>
    <ClInclude Include="..\Include\TiebaClawer.h">
      <Filter>头文件\API</Filter>
    </ClInclude>
    <ClInclude Include="..\Include\TiebaOperate.h">
      <Filter>头文件\API</Filter>
    </ClInclude>
    <ClInclude Include="..\Include\TiebaClawerWeb.h">
      <Filter>头文件\API</Filter>
    </ClInclude>
    <ClInclude Include="..\Include\TiebaClawerProxy.h">
      <Filter>头文件\API</Filter>
    </ClInclude>
    <ClInclude Include="..\Include\TiebaClawerClient.h">
      <Filter>头文件\API</Filter>
    </ClInclude>
    <ClInclude Include="..\Include\TiebaClientHelper.h">
      <Filter>头文件\API</Filter>
    </ClInclude>
    <ClInclude Include="TiebaProto\GetUserInfoResIdl.pb.h">
      <Filter>头文件\TiebaProto</Filter>
    </ClInclude>
    <ClInclude Include="TiebaProto\GetUserInfoReqIdl.pb.h">
      <Filter>头文件\TiebaProto</Filter>
    </ClInclude>
    <ClInclude Include="TiebaProto\FrsTabInfo.pb.h">
      <Filter>头文件\TiebaProto</Filter>
    </ClInclude>
    <ClInclude Include="TiebaProto\FrsPageResIdl.pb.h">
      <Filter>头文件\TiebaProto</Filter>
    </ClInclude>
    <ClInclude Include="TiebaProto\FrsPageReqIdl.pb.h">
      <Filter>头文件\TiebaProto</Filter>
    </ClInclude>
    <ClInclude Include="TiebaProto\CommonReq.pb.h">
      <Filter>头文件\TiebaProto</Filter>
    </ClInclude>
    <ClInclude Include="TiebaProto\Agree.pb.h">
      <Filter>头文件\TiebaProto</Filter>
    </ClInclude>
    <ClInclude Include="TiebaProto\Error.pb.h">
      <Filter>头文件\TiebaProto</Filter>
    </ClInclude>
    <ClInclude Include="TiebaProto\User.pb.h">
      <Filter>头文件\TiebaProto</Filter>
    </ClInclude>
    <ClInclude Include="TiebaProto\ThreadInfo.pb.h">
      <Filter>头文件\TiebaProto</Filter>
    </ClInclude>
    <ClInclude Include="TiebaProto\SubPostList.pb.h">
      <Filter>头文件\TiebaProto</Filter>
    </ClInclude>
    <ClInclude Include="TiebaProto\SimpleForum.pb.h">
      <Filter>头文件\TiebaProto</Filter>
    </ClInclude>
    <ClInclude Include="TiebaProto\SearchPostForumResIdl.pb.h">
      <Filter>头文件\TiebaProto</Filter>
    </ClInclude>
    <ClInclude Include="TiebaProto\SearchPostForumReqIdl.pb.h">
      <Filter>头文件\TiebaProto</Filter>
    </ClInclude>
    <ClInclude Include="TiebaProto\Post.pb.h">
      <Filter>头文件\TiebaProto</Filter>
    </ClInclude>
    <ClInclude Include="TiebaProto\PbPageResIdl.pb.h">
      <Filter>头文件\TiebaProto</Filter>
    </ClInclude>
    <ClInclude Include="TiebaProto\PbPageReqIdl.pb.h">
      <Filter>头文件\TiebaProto</Filter>
    </ClInclude>
    <ClInclude Include="TiebaProto\PbFloorResIdl.pb.h">
      <Filter>头文件\TiebaProto</Filter>
    </ClInclude>
    <ClInclude Include="TiebaProto\PbFloorReqIdl.pb.h">
      <Filter>头文件\TiebaProto</Filter>
    </ClInclude>
    <ClInclude Include="TiebaProto\PbContent.pb.h">
      <Filter>头文件\TiebaProto</Filter>
    </ClInclude>
    <ClInclude Include="TiebaProto\Page.pb.h">
      <Filter>头文件\TiebaProto</Filter>
    </ClInclude>
    <ClInclude Include="TiebaProto\TiebaPlusInfo.pb.h">
      <Filter>头文件\TiebaProto</Filter>
    </ClInclude>
    <ClInclude Include="TiebaProto\PluginUser.pb.h">
      <Filter>头文件\TiebaProto</Filter>
    </ClInclude>
    <ClInclude Include="TiebaProto\PollInfo.pb.h">
      <Filter>头文件\TiebaProto</Filter>
    </ClInclude>
    <ClInclude Include="TiebaProto\PostInfoList.pb.h">
      <Filter>头文件\TiebaProto</Filter>
    </ClInclude>
    <ClInclude Include="TiebaProto\Media.pb.h">
      <Filter>头文件\TiebaProto</Filter>
    </ClInclude>
    <ClInclude Include="TiebaProto\ProfileReqIdl.pb.h">
      <Filter>头文件\TiebaProto</Filter>
    </ClInclude>
    <ClInclude Include="TiebaProto\ProfileResIdl.pb.h">
      <Filter>头文件\TiebaProto</Filter>
    </ClInclude>
  </ItemGroup>
  <ItemGroup>
    <ResourceCompile Include="TiebaAPI.rc">
      <Filter>资源文件</Filter>
    </ResourceCompile>
  </ItemGroup>
</Project>